
Microsoft Visual Studio Solution File, Format Version 12.00
# Visual Studio Version 16
VisualStudioVersion = 16.0.29209.62
MinimumVisualStudioVersion = 10.0.40219.1
Project("{FAE04EC0-301F-11D3-BF4B-00C04F79EFBC}") = "FileExplorerHandIn", "FileExplorerHandIn\FileExplorerHandIn.csproj", "{448597D2-13CE-4589-85C6-682B8C18233B}"
EndProject
Global
	GlobalSection(SolutionConfigurationPlatforms) = preSolution
		Debug|Any CPU = Debug|Any CPU
		Release|Any CPU = Release|Any CPU
	EndGlobalSection
	GlobalSection(ProjectConfigurationPlatforms) = postSolution
		{448597D2-13CE-4589-85C6-682B8C18233B}.Debug|Any CPU.ActiveCfg = Debug|Any CPU
		{448597D2-13CE-4589-85C6-682B8C18233B}.Debug|Any CPU.Build.0 = Debug|Any CPU
		{448597D2-13CE-4589-85C6-682B8C18233B}.Release|Any CPU.ActiveCfg = Release|Any CPU
		{448597D2-13CE-4589-85C6-682B8C18233B}.Release|Any CPU.Build.0 = Release|Any CPU
	EndGlobalSection
	GlobalSection(SolutionProperties) = preSolution
		HideSolutionNode = FALSE
	EndGlobalSection
	GlobalSection(ExtensibilityGlobals) = postSolution
		SolutionGuid = {5E4A9156-CC72-4BB9-9607-86113B49F2C1}
	EndGlobalSection
EndGlobal
